
Microsoft Visual Studio Solution File, Format Version 12.00
# Visual Studio Version 16
VisualStudioVersion = 16.0.32106.194
MinimumVisualStudioVersion = 10.0.40219.1
Project("{FAE04EC0-301F-11D3-BF4B-00C04F79EFBC}") = "Practical_6", "Practical_6\Practical_6.csproj", "{2A79DE8B-A648-4B4D-A2CE-246AD34C14C0}"
EndProject
Global
	GlobalSection(SolutionConfigurationPlatforms) = preSolution
		Debug|Any CPU = Debug|Any CPU
		Release|Any CPU = Release|Any CPU
	EndGlobalSection
	GlobalSection(ProjectConfigurationPlatforms) = postSolution
		{2A79DE8B-A648-4B4D-A2CE-246AD34C14C0}.Debug|Any CPU.ActiveCfg = Debug|Any CPU
		{2A79DE8B-A648-4B4D-A2CE-246AD34C14C0}.Debug|Any CPU.Build.0 = Debug|Any CPU
		{2A79DE8B-A648-4B4D-A2CE-246AD34C14C0}.Release|Any CPU.ActiveCfg = Release|Any CPU
		{2A79DE8B-A648-4B4D-A2CE-246AD34C14C0}.Release|Any CPU.Build.0 = Release|Any CPU
	EndGlobalSection
	GlobalSection(SolutionProperties) = preSolution
		HideSolutionNode = FALSE
	EndGlobalSection
	GlobalSection(ExtensibilityGlobals) = postSolution
		SolutionGuid = {D6BBB217-6D74-45E4-95D2-55B10505A64D}
	EndGlobalSection
EndGlobal
